
Microsoft Visual Studio Solution File, Format Version 12.00
# Visual Studio Version 16
VisualStudioVersion = 16.0.35325.158
MinimumVisualStudioVersion = 10.0.40219.1
Project("{FAE04EC0-301F-11D3-BF4B-00C04F79EFBC}") = "WizardCuffs", "WizardCuffs\WizardCuffs.csproj", "{A130AC57-5CCD-4C08-B2D7-C2E969AC1876}"
EndProject
Global
	GlobalSection(SolutionConfigurationPlatforms) = preSolution
		Debug|Any CPU = Debug|Any CPU
		Release|Any CPU = Release|Any CPU
	EndGlobalSection
	GlobalSection(ProjectConfigurationPlatforms) = postSolution
		{A130AC57-5CCD-4C08-B2D7-C2E969AC1876}.Debug|Any CPU.ActiveCfg = Debug|Any CPU
		{A130AC57-5CCD-4C08-B2D7-C2E969AC1876}.Debug|Any CPU.Build.0 = Debug|Any CPU
		{A130AC57-5CCD-4C08-B2D7-C2E969AC1876}.Release|Any CPU.ActiveCfg = Release|Any CPU
		{A130AC57-5CCD-4C08-B2D7-C2E969AC1876}.Release|Any CPU.Build.0 = Release|Any CPU
	EndGlobalSection
	GlobalSection(SolutionProperties) = preSolution
		HideSolutionNode = FALSE
	EndGlobalSection
	GlobalSection(ExtensibilityGlobals) = postSolution
		SolutionGuid = {CD137827-ACB1-4B55-8494-A04E1B55A34A}
	EndGlobalSection
EndGlobal
